
Microsoft Visual Studio Solution File, Format Version 12.00
# Visual Studio Version 17
VisualStudioVersion = 17.5.001.0
MinimumVisualStudioVersion = 10.0.40219.1
Project("{9A19103F-16F7-4668-BE54-9A1E7A4F7556}") = "KarambaCommon_tests", "KarambaCommon_tests.csproj", "{1D333870-9B60-4580-BC40-1CB3CAB1577A}"
EndProject
Global
	GlobalSection(SolutionConfigurationPlatforms) = preSolution
		Debug|Any CPU = Debug|Any CPU
		Release|Any CPU = Release|Any CPU
	EndGlobalSection
	GlobalSection(ProjectConfigurationPlatforms) = postSolution
		{1D333870-9B60-4580-BC40-1CB3CAB1577A}.Debug|Any CPU.ActiveCfg = Debug|Any CPU
		{1D333870-9B60-4580-BC40-1CB3CAB1577A}.Debug|Any CPU.Build.0 = Debug|Any CPU
		{1D333870-9B60-4580-BC40-1CB3CAB1577A}.Release|Any CPU.ActiveCfg = Release|Any CPU
		{1D333870-9B60-4580-BC40-1CB3CAB1577A}.Release|Any CPU.Build.0 = Release|Any CPU
	EndGlobalSection
	GlobalSection(SolutionProperties) = preSolution
		HideSolutionNode = FALSE
	EndGlobalSection
	GlobalSection(ExtensibilityGlobals) = postSolution
		SolutionGuid = {322469A7-DE8D-411A-AAF8-D1BB787758F3}
	EndGlobalSection
EndGlobal
